// !$*UTF8*$!
{
	archiveVersion = 1;
	classes = {
	};
	objectVersion = 48;
	objects = {

/* Begin PBXBuildFile section */
		AA01FC45201135A900AA3DEB /* BookmakersListItem.swift in Sources */ = {isa = PBXBuildFile; fileRef = AA01FC44201135A900AA3DEB /* BookmakersListItem.swift */; };
		AA01FC472012116500AA3DEB /* BookmakerById.swift in Sources */ = {isa = PBXBuildFile; fileRef = AA01FC462012116500AA3DEB /* BookmakerById.swift */; };
		AA01FC492012293E00AA3DEB /* BookmakerDetailedVC.swift in Sources */ = {isa = PBXBuildFile; fileRef = AA01FC482012293E00AA3DEB /* BookmakerDetailedVC.swift */; };
		AA01FC4D20129F9200AA3DEB /* NewsListItem.swift in Sources */ = {isa = PBXBuildFile; fileRef = AA01FC4C20129F9200AA3DEB /* NewsListItem.swift */; };
		AA01FC4F201361AD00AA3DEB /* NewsItem.swift in Sources */ = {isa = PBXBuildFile; fileRef = AA01FC4E201361AD00AA3DEB /* NewsItem.swift */; };
		AA01FC512013642D00AA3DEB /* DetailedNewsVC.swift in Sources */ = {isa = PBXBuildFile; fileRef = AA01FC502013642D00AA3DEB /* DetailedNewsVC.swift */; };
		AA07BF56200A369800478F8B /* BookmakersListCellSmall.swift in Sources */ = {isa = PBXBuildFile; fileRef = AA07BF55200A369800478F8B /* BookmakersListCellSmall.swift */; };
		AA07BF58200AB50F00478F8B /* FilterCell.swift in Sources */ = {isa = PBXBuildFile; fileRef = AA07BF57200AB50F00478F8B /* FilterCell.swift */; };
		AA07BF5A200AB77200478F8B /* FiltersVC.swift in Sources */ = {isa = PBXBuildFile; fileRef = AA07BF59200AB77200478F8B /* FiltersVC.swift */; };
		AA07BF5C200BA98300478F8B /* NewsListVC.swift in Sources */ = {isa = PBXBuildFile; fileRef = AA07BF5B200BA98300478F8B /* NewsListVC.swift */; };
		AA07BF5E200BA99E00478F8B /* NewsListCell.swift in Sources */ = {isa = PBXBuildFile; fileRef = AA07BF5D200BA99E00478F8B /* NewsListCell.swift */; };
		AA07FF1A200F518500348641 /* ForecastListItem.swift in Sources */ = {isa = PBXBuildFile; fileRef = AA07FF19200F518500348641 /* ForecastListItem.swift */; };
		AA07FF1C200F546600348641 /* NetworkService.swift in Sources */ = {isa = PBXBuildFile; fileRef = AA07FF1B200F546600348641 /* NetworkService.swift */; };
		AA0DBA3C201552430042E1BF /* BookmakersListVCTableViewDelegateAndDataSource.swift in Sources */ = {isa = PBXBuildFile; fileRef = AA0DBA3B201552430042E1BF /* BookmakersListVCTableViewDelegateAndDataSource.swift */; };
		AA306E74200C0F1E00BBDE53 /* ForecastByIdVC.swift in Sources */ = {isa = PBXBuildFile; fileRef = AA306E73200C0F1E00BBDE53 /* ForecastByIdVC.swift */; };
		AA30D6042010A8EF00C69CEB /* ForecastByIdItem.swift in Sources */ = {isa = PBXBuildFile; fileRef = AA30D6032010A8EF00C69CEB /* ForecastByIdItem.swift */; };
		AA40FB92201519D800C73B81 /* WeekDateExtension.swift in Sources */ = {isa = PBXBuildFile; fileRef = AA40FB91201519D800C73B81 /* WeekDateExtension.swift */; };
		AAAF3EB421D6723400FA5B31 /* ConfigurableNewsListCell.swift in Sources */ = {isa = PBXBuildFile; fileRef = AAAF3EB321D6723400FA5B31 /* ConfigurableNewsListCell.swift */; };
		AAAF3EB721D67A2600FA5B31 /* ForecastCategories.swift in Sources */ = {isa = PBXBuildFile; fileRef = AAAF3EB621D67A2600FA5B31 /* ForecastCategories.swift */; };
		AAAF3EB921D7451700FA5B31 /* Colors.swift in Sources */ = {isa = PBXBuildFile; fileRef = AAAF3EB821D7451700FA5B31 /* Colors.swift */; };
		AAAF3EBB21D750EE00FA5B31 /* NewsListCollectionViewDataSourceAndDelegate.swift in Sources */ = {isa = PBXBuildFile; fileRef = AAAF3EBA21D750EE00FA5B31 /* NewsListCollectionViewDataSourceAndDelegate.swift */; };
		AAAF3EBD21D7517A00FA5B31 /* NewsListDelegateFlowLayout.swift in Sources */ = {isa = PBXBuildFile; fileRef = AAAF3EBC21D7517A00FA5B31 /* NewsListDelegateFlowLayout.swift */; };
		AAAF3EBF21D755D000FA5B31 /* ForecastListCollectionViewDelegateDataSource.swift in Sources */ = {isa = PBXBuildFile; fileRef = AAAF3EBE21D755D000FA5B31 /* ForecastListCollectionViewDelegateDataSource.swift */; };
		AAC6F709200CC8C5006EC285 /* ForecastListVC.swift in Sources */ = {isa = PBXBuildFile; fileRef = AAC6F708200CC8C5006EC285 /* ForecastListVC.swift */; };
		AAC6F70B200CC8EC006EC285 /* ForecastCell.swift in Sources */ = {isa = PBXBuildFile; fileRef = AAC6F70A200CC8EC006EC285 /* ForecastCell.swift */; };
		AACADAF821D51D8E002B3E8F /* BetratingDate.swift in Sources */ = {isa = PBXBuildFile; fileRef = AACADAF721D51D8E002B3E8F /* BetratingDate.swift */; };
		AACADAFA21D51DE8002B3E8F /* BetratingCategory.swift in Sources */ = {isa = PBXBuildFile; fileRef = AACADAF921D51DE8002B3E8F /* BetratingCategory.swift */; };
		AACADAFC21D523C6002B3E8F /* Condition.swift in Sources */ = {isa = PBXBuildFile; fileRef = AACADAFB21D523C6002B3E8F /* Condition.swift */; };
		AACADAFE21D605B8002B3E8F /* ExtensionNSAttributedString.swift in Sources */ = {isa = PBXBuildFile; fileRef = AACADAFD21D605B8002B3E8F /* ExtensionNSAttributedString.swift */; };
		AACADB0021D60641002B3E8F /* Extension StringDevideByTwo.swift in Sources */ = {isa = PBXBuildFile; fileRef = AACADAFF21D60641002B3E8F /* Extension StringDevideByTwo.swift */; };
		AAD476622008C73F00557679 /* AppDelegate.swift in Sources */ = {isa = PBXBuildFile; fileRef = AAD476612008C73F00557679 /* AppDelegate.swift */; };
		AAD476672008C73F00557679 /* Main.storyboard in Resources */ = {isa = PBXBuildFile; fileRef = AAD476652008C73F00557679 /* Main.storyboard */; };
		AAD476692008C73F00557679 /* Assets.xcassets in Resources */ = {isa = PBXBuildFile; fileRef = AAD476682008C73F00557679 /* Assets.xcassets */; };
		AAD4766C2008C73F00557679 /* LaunchScreen.storyboard in Resources */ = {isa = PBXBuildFile; fileRef = AAD4766A2008C73F00557679 /* LaunchScreen.storyboard */; };
		AAD47676200A291F00557679 /* BookmakersListVC.swift in Sources */ = {isa = PBXBuildFile; fileRef = AAD47675200A291F00557679 /* BookmakersListVC.swift */; };
		F7B3CC3F0198F0D62D9968F4 /* Pods_betrating.framework in Frameworks */ = {isa = PBXBuildFile; fileRef = 0A1FC6E28631DC11EABAD646 /* Pods_betrating.framework */; };
/* End PBXBuildFile section */

/* Begin PBXContainerItemProxy section */
		AA27A54A201908BE008157EA /* PBXContainerItemProxy */ = {
			isa = PBXContainerItemProxy;
			containerPortal = AAD476562008C73F00557679 /* Project object */;
			proxyType = 1;
			remoteGlobalIDString = AAD4765D2008C73F00557679;
			remoteInfo = betrating;
		};
/* End PBXContainerItemProxy section */

/* Begin PBXFileReference section */
		0A1FC6E28631DC11EABAD646 /* Pods_betrating.framework */ = {isa = PBXFileReference; explicitFileType = wrapper.framework; includeInIndex = 0; path = Pods_betrating.framework; sourceTree = BUILT_PRODUCTS_DIR; };
		8F633DF44318B77CB74D68B9 /* Pods-betrating.release.xcconfig */ = {isa = PBXFileReference; includeInIndex = 1; lastKnownFileType = text.xcconfig; name = "Pods-betrating.release.xcconfig"; path = "Pods/Target Support Files/Pods-betrating/Pods-betrating.release.xcconfig"; sourceTree = "<group>"; };
		AA01FC44201135A900AA3DEB /* BookmakersListItem.swift */ = {isa = PBXFileReference; lastKnownFileType = sourcecode.swift; path = BookmakersListItem.swift; sourceTree = "<group>"; };
		AA01FC462012116500AA3DEB /* BookmakerById.swift */ = {isa = PBXFileReference; lastKnownFileType = sourcecode.swift; path = BookmakerById.swift; sourceTree = "<group>"; };
		AA01FC482012293E00AA3DEB /* BookmakerDetailedVC.swift */ = {isa = PBXFileReference; lastKnownFileType = sourcecode.swift; path = BookmakerDetailedVC.swift; sourceTree = "<group>"; };
		AA01FC4C20129F9200AA3DEB /* NewsListItem.swift */ = {isa = PBXFileReference; lastKnownFileType = sourcecode.swift; path = NewsListItem.swift; sourceTree = "<group>"; };
		AA01FC4E201361AD00AA3DEB /* NewsItem.swift */ = {isa = PBXFileReference; lastKnownFileType = sourcecode.swift; path = NewsItem.swift; sourceTree = "<group>"; };
		AA01FC502013642D00AA3DEB /* DetailedNewsVC.swift */ = {isa = PBXFileReference; lastKnownFileType = sourcecode.swift; path = DetailedNewsVC.swift; sourceTree = "<group>"; };
		AA07BF55200A369800478F8B /* BookmakersListCellSmall.swift */ = {isa = PBXFileReference; lastKnownFileType = sourcecode.swift; path = BookmakersListCellSmall.swift; sourceTree = "<group>"; };
		AA07BF57200AB50F00478F8B /* FilterCell.swift */ = {isa = PBXFileReference; lastKnownFileType = sourcecode.swift; path = FilterCell.swift; sourceTree = "<group>"; };
		AA07BF59200AB77200478F8B /* FiltersVC.swift */ = {isa = PBXFileReference; lastKnownFileType = sourcecode.swift; path = FiltersVC.swift; sourceTree = "<group>"; };
		AA07BF5B200BA98300478F8B /* NewsListVC.swift */ = {isa = PBXFileReference; lastKnownFileType = sourcecode.swift; path = NewsListVC.swift; sourceTree = "<group>"; };
		AA07BF5D200BA99E00478F8B /* NewsListCell.swift */ = {isa = PBXFileReference; lastKnownFileType = sourcecode.swift; path = NewsListCell.swift; sourceTree = "<group>"; };
		AA07FF19200F518500348641 /* ForecastListItem.swift */ = {isa = PBXFileReference; lastKnownFileType = sourcecode.swift; path = ForecastListItem.swift; sourceTree = "<group>"; };
		AA07FF1B200F546600348641 /* NetworkService.swift */ = {isa = PBXFileReference; lastKnownFileType = sourcecode.swift; path = NetworkService.swift; sourceTree = "<group>"; };
		AA0DBA3B201552430042E1BF /* BookmakersListVCTableViewDelegateAndDataSource.swift */ = {isa = PBXFileReference; lastKnownFileType = sourcecode.swift; path = BookmakersListVCTableViewDelegateAndDataSource.swift; sourceTree = "<group>"; };
		AA27A545201908BE008157EA /* betratingTests.xctest */ = {isa = PBXFileReference; explicitFileType = wrapper.cfbundle; includeInIndex = 0; path = betratingTests.xctest; sourceTree = BUILT_PRODUCTS_DIR; };
		AA306E73200C0F1E00BBDE53 /* ForecastByIdVC.swift */ = {isa = PBXFileReference; lastKnownFileType = sourcecode.swift; path = ForecastByIdVC.swift; sourceTree = "<group>"; };
		AA30D6032010A8EF00C69CEB /* ForecastByIdItem.swift */ = {isa = PBXFileReference; lastKnownFileType = sourcecode.swift; path = ForecastByIdItem.swift; sourceTree = "<group>"; };
		AA40FB91201519D800C73B81 /* WeekDateExtension.swift */ = {isa = PBXFileReference; lastKnownFileType = sourcecode.swift; path = WeekDateExtension.swift; sourceTree = "<group>"; };
		AAAF3EB321D6723400FA5B31 /* ConfigurableNewsListCell.swift */ = {isa = PBXFileReference; lastKnownFileType = sourcecode.swift; path = ConfigurableNewsListCell.swift; sourceTree = "<group>"; };
		AAAF3EB621D67A2600FA5B31 /* ForecastCategories.swift */ = {isa = PBXFileReference; lastKnownFileType = sourcecode.swift; path = ForecastCategories.swift; sourceTree = "<group>"; };
		AAAF3EB821D7451700FA5B31 /* Colors.swift */ = {isa = PBXFileReference; lastKnownFileType = sourcecode.swift; path = Colors.swift; sourceTree = "<group>"; };
		AAAF3EBA21D750EE00FA5B31 /* NewsListCollectionViewDataSourceAndDelegate.swift */ = {isa = PBXFileReference; lastKnownFileType = sourcecode.swift; path = NewsListCollectionViewDataSourceAndDelegate.swift; sourceTree = "<group>"; };
		AAAF3EBC21D7517A00FA5B31 /* NewsListDelegateFlowLayout.swift */ = {isa = PBXFileReference; lastKnownFileType = sourcecode.swift; path = NewsListDelegateFlowLayout.swift; sourceTree = "<group>"; };
		AAAF3EBE21D755D000FA5B31 /* ForecastListCollectionViewDelegateDataSource.swift */ = {isa = PBXFileReference; lastKnownFileType = sourcecode.swift; path = ForecastListCollectionViewDelegateDataSource.swift; sourceTree = "<group>"; };
		AAC6F708200CC8C5006EC285 /* ForecastListVC.swift */ = {isa = PBXFileReference; lastKnownFileType = sourcecode.swift; path = ForecastListVC.swift; sourceTree = "<group>"; };
		AAC6F70A200CC8EC006EC285 /* ForecastCell.swift */ = {isa = PBXFileReference; lastKnownFileType = sourcecode.swift; path = ForecastCell.swift; sourceTree = "<group>"; };
		AACADAF721D51D8E002B3E8F /* BetratingDate.swift */ = {isa = PBXFileReference; lastKnownFileType = sourcecode.swift; path = BetratingDate.swift; sourceTree = "<group>"; };
		AACADAF921D51DE8002B3E8F /* BetratingCategory.swift */ = {isa = PBXFileReference; lastKnownFileType = sourcecode.swift; path = BetratingCategory.swift; sourceTree = "<group>"; };
		AACADAFB21D523C6002B3E8F /* Condition.swift */ = {isa = PBXFileReference; lastKnownFileType = sourcecode.swift; path = Condition.swift; sourceTree = "<group>"; };
		AACADAFD21D605B8002B3E8F /* ExtensionNSAttributedString.swift */ = {isa = PBXFileReference; lastKnownFileType = sourcecode.swift; path = ExtensionNSAttributedString.swift; sourceTree = "<group>"; };
		AACADAFF21D60641002B3E8F /* Extension StringDevideByTwo.swift */ = {isa = PBXFileReference; lastKnownFileType = sourcecode.swift; path = "Extension StringDevideByTwo.swift"; sourceTree = "<group>"; };
		AAD4765E2008C73F00557679 /* betrating.app */ = {isa = PBXFileReference; explicitFileType = wrapper.application; includeInIndex = 0; path = betrating.app; sourceTree = BUILT_PRODUCTS_DIR; };
		AAD476612008C73F00557679 /* AppDelegate.swift */ = {isa = PBXFileReference; lastKnownFileType = sourcecode.swift; path = AppDelegate.swift; sourceTree = "<group>"; };
		AAD476662008C73F00557679 /* Base */ = {isa = PBXFileReference; lastKnownFileType = file.storyboard; name = Base; path = Base.lproj/Main.storyboard; sourceTree = "<group>"; };
		AAD476682008C73F00557679 /* Assets.xcassets */ = {isa = PBXFileReference; lastKnownFileType = folder.assetcatalog; path = Assets.xcassets; sourceTree = "<group>"; };
		AAD4766B2008C73F00557679 /* Base */ = {isa = PBXFileReference; lastKnownFileType = file.storyboard; name = Base; path = Base.lproj/LaunchScreen.storyboard; sourceTree = "<group>"; };
		AAD4766D2008C73F00557679 /* Info.plist */ = {isa = PBXFileReference; lastKnownFileType = text.plist.xml; path = Info.plist; sourceTree = "<group>"; };
		AAD47675200A291F00557679 /* BookmakersListVC.swift */ = {isa = PBXFileReference; lastKnownFileType = sourcecode.swift; path = BookmakersListVC.swift; sourceTree = "<group>"; };
		D427CE71218887106A7B8FAF /* Pods-betrating.debug.xcconfig */ = {isa = PBXFileReference; includeInIndex = 1; lastKnownFileType = text.xcconfig; name = "Pods-betrating.debug.xcconfig"; path = "Pods/Target Support Files/Pods-betrating/Pods-betrating.debug.xcconfig"; sourceTree = "<group>"; };
/* End PBXFileReference section */

/* Begin PBXFrameworksBuildPhase section */
		AA27A542201908BE008157EA /* Frameworks */ = {
			isa = PBXFrameworksBuildPhase;
			buildActionMask = 2147483647;
			files = (
			);
			runOnlyForDeploymentPostprocessing = 0;
		};
		AAD4765B2008C73F00557679 /* Frameworks */ = {
			isa = PBXFrameworksBuildPhase;
			buildActionMask = 2147483647;
			files = (
				F7B3CC3F0198F0D62D9968F4 /* Pods_betrating.framework in Frameworks */,
			);
			runOnlyForDeploymentPostprocessing = 0;
		};
/* End PBXFrameworksBuildPhase section */

/* Begin PBXGroup section */
		AA01FC4A2012962E00AA3DEB /* Controller */ = {
			isa = PBXGroup;
			children = (
				AA07BF59200AB77200478F8B /* FiltersVC.swift */,
				AA01FC482012293E00AA3DEB /* BookmakerDetailedVC.swift */,
				AA01FC502013642D00AA3DEB /* DetailedNewsVC.swift */,
			);
			path = Controller;
			sourceTree = "<group>";
		};
		AA01FC4B2012965500AA3DEB /* Model */ = {
			isa = PBXGroup;
			children = (
				AA07BF57200AB50F00478F8B /* FilterCell.swift */,
				AA01FC4E201361AD00AA3DEB /* NewsItem.swift */,
				AA01FC462012116500AA3DEB /* BookmakerById.swift */,
			);
			path = Model;
			sourceTree = "<group>";
		};
		AAAF3EB221D6625D00FA5B31 /* NewsList */ = {
			isa = PBXGroup;
			children = (
				AA07BF5B200BA98300478F8B /* NewsListVC.swift */,
				AA07BF5D200BA99E00478F8B /* NewsListCell.swift */,
				AA01FC4C20129F9200AA3DEB /* NewsListItem.swift */,
				AAAF3EB321D6723400FA5B31 /* ConfigurableNewsListCell.swift */,
				AAAF3EBA21D750EE00FA5B31 /* NewsListCollectionViewDataSourceAndDelegate.swift */,
				AAAF3EBC21D7517A00FA5B31 /* NewsListDelegateFlowLayout.swift */,
			);
			path = NewsList;
			sourceTree = "<group>";
		};
		AAAF3EB521D6794100FA5B31 /* Utills */ = {
			isa = PBXGroup;
			children = (
				AACADAF921D51DE8002B3E8F /* BetratingCategory.swift */,
				AA40FB91201519D800C73B81 /* WeekDateExtension.swift */,
				AACADAF721D51D8E002B3E8F /* BetratingDate.swift */,
				AACADAFB21D523C6002B3E8F /* Condition.swift */,
				AACADAFD21D605B8002B3E8F /* ExtensionNSAttributedString.swift */,
				AACADAFF21D60641002B3E8F /* Extension StringDevideByTwo.swift */,
				AAAF3EB621D67A2600FA5B31 /* ForecastCategories.swift */,
				AAAF3EB821D7451700FA5B31 /* Colors.swift */,
			);
			path = Utills;
			sourceTree = "<group>";
		};
		AACADB0221D644A0002B3E8F /* ForecastList */ = {
			isa = PBXGroup;
			children = (
				AAC6F708200CC8C5006EC285 /* ForecastListVC.swift */,
				AAC6F70A200CC8EC006EC285 /* ForecastCell.swift */,
				AA07FF19200F518500348641 /* ForecastListItem.swift */,
				AAAF3EBE21D755D000FA5B31 /* ForecastListCollectionViewDelegateDataSource.swift */,
			);
			path = ForecastList;
			sourceTree = "<group>";
		};
		AACADB0321D645F3002B3E8F /* ForecastById */ = {
			isa = PBXGroup;
			children = (
				AA306E73200C0F1E00BBDE53 /* ForecastByIdVC.swift */,
				AA30D6032010A8EF00C69CEB /* ForecastByIdItem.swift */,
			);
			path = ForecastById;
			sourceTree = "<group>";
		};
		AACADB0421D6480B002B3E8F /* BookmakersList */ = {
			isa = PBXGroup;
			children = (
				AAD47675200A291F00557679 /* BookmakersListVC.swift */,
				AA07BF55200A369800478F8B /* BookmakersListCellSmall.swift */,
				AA01FC44201135A900AA3DEB /* BookmakersListItem.swift */,
				AA0DBA3B201552430042E1BF /* BookmakersListVCTableViewDelegateAndDataSource.swift */,
			);
			path = BookmakersList;
			sourceTree = "<group>";
		};
		AAD476552008C73F00557679 = {
			isa = PBXGroup;
			children = (
				AAD476602008C73F00557679 /* betrating */,
				AAD4765F2008C73F00557679 /* Products */,
				EDE3D7223EA2F36060C2115D /* Pods */,
				DA6153D8549142D46D4ABC89 /* Frameworks */,
			);
			sourceTree = "<group>";
		};
		AAD4765F2008C73F00557679 /* Products */ = {
			isa = PBXGroup;
			children = (
				AAD4765E2008C73F00557679 /* betrating.app */,
				AA27A545201908BE008157EA /* betratingTests.xctest */,
			);
			name = Products;
			sourceTree = "<group>";
		};
		AAD476602008C73F00557679 /* betrating */ = {
			isa = PBXGroup;
			children = (
				AAAF3EB221D6625D00FA5B31 /* NewsList */,
				AACADB0421D6480B002B3E8F /* BookmakersList */,
				AACADB0321D645F3002B3E8F /* ForecastById */,
				AACADB0221D644A0002B3E8F /* ForecastList */,
				AA01FC4A2012962E00AA3DEB /* Controller */,
				AA01FC4B2012965500AA3DEB /* Model */,
				AAAF3EB521D6794100FA5B31 /* Utills */,
				AAD476682008C73F00557679 /* Assets.xcassets */,
				AA07FF1B200F546600348641 /* NetworkService.swift */,
				AAD476612008C73F00557679 /* AppDelegate.swift */,
				AAD476652008C73F00557679 /* Main.storyboard */,
				AAD4766A2008C73F00557679 /* LaunchScreen.storyboard */,
				AAD4766D2008C73F00557679 /* Info.plist */,
			);
			path = betrating;
			sourceTree = "<group>";
		};
		DA6153D8549142D46D4ABC89 /* Frameworks */ = {
			isa = PBXGroup;
			children = (
				0A1FC6E28631DC11EABAD646 /* Pods_betrating.framework */,
			);
			name = Frameworks;
			sourceTree = "<group>";
		};
		EDE3D7223EA2F36060C2115D /* Pods */ = {
			isa = PBXGroup;
			children = (
				D427CE71218887106A7B8FAF /* Pods-betrating.debug.xcconfig */,
				8F633DF44318B77CB74D68B9 /* Pods-betrating.release.xcconfig */,
			);
			name = Pods;
			sourceTree = "<group>";
		};
/* End PBXGroup section */

/* Begin PBXNativeTarget section */
		AA27A544201908BE008157EA /* betratingTests */ = {
			isa = PBXNativeTarget;
			buildConfigurationList = AA27A54E201908BE008157EA /* Build configuration list for PBXNativeTarget "betratingTests" */;
			buildPhases = (
				AA27A541201908BE008157EA /* Sources */,
				AA27A542201908BE008157EA /* Frameworks */,
				AA27A543201908BE008157EA /* Resources */,
			);
			buildRules = (
			);
			dependencies = (
				AA27A54B201908BE008157EA /* PBXTargetDependency */,
			);
			name = betratingTests;
			productName = betratingTests;
			productReference = AA27A545201908BE008157EA /* betratingTests.xctest */;
			productType = "com.apple.product-type.bundle.unit-test";
		};
		AAD4765D2008C73F00557679 /* betrating */ = {
			isa = PBXNativeTarget;
			buildConfigurationList = AAD476702008C73F00557679 /* Build configuration list for PBXNativeTarget "betrating" */;
			buildPhases = (
				56C6A23BC087E2BC90B9A24A /* [CP] Check Pods Manifest.lock */,
				AAD4765A2008C73F00557679 /* Sources */,
				AAD4765B2008C73F00557679 /* Frameworks */,
				AAD4765C2008C73F00557679 /* Resources */,
				B62C2C66339695FB0FBB54CD /* [CP] Copy Pods Resources */,
			);
			buildRules = (
			);
			dependencies = (
			);
			name = betrating;
			productName = betrating;
			productReference = AAD4765E2008C73F00557679 /* betrating.app */;
			productType = "com.apple.product-type.application";
		};
/* End PBXNativeTarget section */

/* Begin PBXProject section */
		AAD476562008C73F00557679 /* Project object */ = {
			isa = PBXProject;
			attributes = {
				LastSwiftUpdateCheck = 0920;
				LastUpgradeCheck = 0920;
				ORGANIZATIONNAME = "Yuriy borisov";
				TargetAttributes = {
					AA27A544201908BE008157EA = {
						CreatedOnToolsVersion = 9.2;
						ProvisioningStyle = Automatic;
						TestTargetID = AAD4765D2008C73F00557679;
					};
					AAD4765D2008C73F00557679 = {
						CreatedOnToolsVersion = 9.2;
						ProvisioningStyle = Automatic;
					};
				};
			};
			buildConfigurationList = AAD476592008C73F00557679 /* Build configuration list for PBXProject "betrating" */;
			compatibilityVersion = "Xcode 8.0";
			developmentRegion = en;
			hasScannedForEncodings = 0;
			knownRegions = (
				en,
				Base,
			);
			mainGroup = AAD476552008C73F00557679;
			productRefGroup = AAD4765F2008C73F00557679 /* Products */;
			projectDirPath = "";
			projectRoot = "";
			targets = (
				AAD4765D2008C73F00557679 /* betrating */,
				AA27A544201908BE008157EA /* betratingTests */,
			);
		};
/* End PBXProject section */

/* Begin PBXResourcesBuildPhase section */
		AA27A543201908BE008157EA /* Resources */ = {
			isa = PBXResourcesBuildPhase;
			buildActionMask = 2147483647;
			files = (
			);
			runOnlyForDeploymentPostprocessing = 0;
		};
		AAD4765C2008C73F00557679 /* Resources */ = {
			isa = PBXResourcesBuildPhase;
			buildActionMask = 2147483647;
			files = (
				AAD4766C2008C73F00557679 /* LaunchScreen.storyboard in Resources */,
				AAD476692008C73F00557679 /* Assets.xcassets in Resources */,
				AAD476672008C73F00557679 /* Main.storyboard in Resources */,
			);
			runOnlyForDeploymentPostprocessing = 0;
		};
/* End PBXResourcesBuildPhase section */

/* Begin PBXShellScriptBuildPhase section */
		56C6A23BC087E2BC90B9A24A /* [CP] Check Pods Manifest.lock */ = {
			isa = PBXShellScriptBuildPhase;
			buildActionMask = 2147483647;
			files = (
			);
			inputPaths = (
				"${PODS_PODFILE_DIR_PATH}/Podfile.lock",
				"${PODS_ROOT}/Manifest.lock",
			);
			name = "[CP] Check Pods Manifest.lock";
			outputPaths = (
				"$(DERIVED_FILE_DIR)/Pods-betrating-checkManifestLockResult.txt",
			);
			runOnlyForDeploymentPostprocessing = 0;
			shellPath = /bin/sh;
			shellScript = "diff \"${PODS_PODFILE_DIR_PATH}/Podfile.lock\" \"${PODS_ROOT}/Manifest.lock\" > /dev/null\nif [ $? != 0 ] ; then\n    # print error to STDERR\n    echo \"error: The sandbox is not in sync with the Podfile.lock. Run 'pod install' or update your CocoaPods installation.\" >&2\n    exit 1\nfi\n# This output is used by Xcode 'outputs' to avoid re-running this script phase.\necho \"SUCCESS\" > \"${SCRIPT_OUTPUT_FILE_0}\"\n";
			showEnvVarsInLog = 0;
		};
		B62C2C66339695FB0FBB54CD /* [CP] Copy Pods Resources */ = {
			isa = PBXShellScriptBuildPhase;
			buildActionMask = 2147483647;
			files = (
			);
			inputPaths = (
				"${SRCROOT}/Pods/Target Support Files/Pods-betrating/Pods-betrating-resources.sh",
				"${PODS_CONFIGURATION_BUILD_DIR}/HockeySDK/HockeySDKResources.bundle",
			);
			name = "[CP] Copy Pods Resources";
			outputPaths = (
				"${TARGET_BUILD_DIR}/${UNLOCALIZED_RESOURCES_FOLDER_PATH}/HockeySDKResources.bundle",
			);
			runOnlyForDeploymentPostprocessing = 0;
			shellPath = /bin/sh;
			shellScript = "\"${SRCROOT}/Pods/Target Support Files/Pods-betrating/Pods-betrating-resources.sh\"\n";
			showEnvVarsInLog = 0;
		};
/* End PBXShellScriptBuildPhase section */

/* Begin PBXSourcesBuildPhase section */
		AA27A541201908BE008157EA /* Sources */ = {
			isa = PBXSourcesBuildPhase;
			buildActionMask = 2147483647;
			files = (
			);
			runOnlyForDeploymentPostprocessing = 0;
		};
		AAD4765A2008C73F00557679 /* Sources */ = {
			isa = PBXSourcesBuildPhase;
			buildActionMask = 2147483647;
			files = (
				AACADAFA21D51DE8002B3E8F /* BetratingCategory.swift in Sources */,
				AA01FC492012293E00AA3DEB /* BookmakerDetailedVC.swift in Sources */,
				AA0DBA3C201552430042E1BF /* BookmakersListVCTableViewDelegateAndDataSource.swift in Sources */,
				AA07FF1A200F518500348641 /* ForecastListItem.swift in Sources */,
				AA01FC472012116500AA3DEB /* BookmakerById.swift in Sources */,
				AA07BF58200AB50F00478F8B /* FilterCell.swift in Sources */,
				AAD47676200A291F00557679 /* BookmakersListVC.swift in Sources */,
				AA01FC512013642D00AA3DEB /* DetailedNewsVC.swift in Sources */,
				AA30D6042010A8EF00C69CEB /* ForecastByIdItem.swift in Sources */,
				AACADAFE21D605B8002B3E8F /* ExtensionNSAttributedString.swift in Sources */,
				AA07BF5E200BA99E00478F8B /* NewsListCell.swift in Sources */,
				AA01FC4F201361AD00AA3DEB /* NewsItem.swift in Sources */,
				AA01FC4D20129F9200AA3DEB /* NewsListItem.swift in Sources */,
				AAAF3EBF21D755D000FA5B31 /* ForecastListCollectionViewDelegateDataSource.swift in Sources */,
				AA01FC45201135A900AA3DEB /* BookmakersListItem.swift in Sources */,
				AA306E74200C0F1E00BBDE53 /* ForecastByIdVC.swift in Sources */,
				AACADAF821D51D8E002B3E8F /* BetratingDate.swift in Sources */,
				AAAF3EB721D67A2600FA5B31 /* ForecastCategories.swift in Sources */,
				AAC6F709200CC8C5006EC285 /* ForecastListVC.swift in Sources */,
				AA07BF5A200AB77200478F8B /* FiltersVC.swift in Sources */,
				AA40FB92201519D800C73B81 /* WeekDateExtension.swift in Sources */,
				AAAF3EB921D7451700FA5B31 /* Colors.swift in Sources */,
				AACADAFC21D523C6002B3E8F /* Condition.swift in Sources */,
				AAAF3EB421D6723400FA5B31 /* ConfigurableNewsListCell.swift in Sources */,
				AA07FF1C200F546600348641 /* NetworkService.swift in Sources */,
				AAAF3EBD21D7517A00FA5B31 /* NewsListDelegateFlowLayout.swift in Sources */,
				AAC6F70B200CC8EC006EC285 /* ForecastCell.swift in Sources */,
				AACADB0021D60641002B3E8F /* Extension StringDevideByTwo.swift in Sources */,
				AA07BF56200A369800478F8B /* BookmakersListCellSmall.swift in Sources */,
				AAAF3EBB21D750EE00FA5B31 /* NewsListCollectionViewDataSourceAndDelegate.swift in Sources */,
				AAD476622008C73F00557679 /* AppDelegate.swift in Sources */,
				AA07BF5C200BA98300478F8B /* NewsListVC.swift in Sources */,
			);
			runOnlyForDeploymentPostprocessing = 0;
		};
/* End PBXSourcesBuildPhase section */

/* Begin PBXTargetDependency section */
		AA27A54B201908BE008157EA /* PBXTargetDependency */ = {
			isa = PBXTargetDependency;
			target = AAD4765D2008C73F00557679 /* betrating */;
			targetProxy = AA27A54A201908BE008157EA /* PBXContainerItemProxy */;
		};
/* End PBXTargetDependency section */

/* Begin PBXVariantGroup section */
		AAD476652008C73F00557679 /* Main.storyboard */ = {
			isa = PBXVariantGroup;
			children = (
				AAD476662008C73F00557679 /* Base */,
			);
			name = Main.storyboard;
			sourceTree = "<group>";
		};
		AAD4766A2008C73F00557679 /* LaunchScreen.storyboard */ = {
			isa = PBXVariantGroup;
			children = (
				AAD4766B2008C73F00557679 /* Base */,
			);
			name = LaunchScreen.storyboard;
			sourceTree = "<group>";
		};
/* End PBXVariantGroup section */

/* Begin XCBuildConfiguration section */
		AA27A54C201908BE008157EA /* Debug */ = {
			isa = XCBuildConfiguration;
			buildSettings = {
				BUNDLE_LOADER = "$(TEST_HOST)";
				CODE_SIGN_STYLE = Automatic;
				DEVELOPMENT_TEAM = TXYT8RH44K;
				INFOPLIST_FILE = betratingTests/Info.plist;
				LD_RUNPATH_SEARCH_PATHS = "$(inherited) @executable_path/Frameworks @loader_path/Frameworks";
				PRODUCT_BUNDLE_IDENTIFIER = "com.borisov-juriy.asdkTest.betratingTests";
				PRODUCT_NAME = "$(TARGET_NAME)";
				SWIFT_VERSION = 4.0;
				TARGETED_DEVICE_FAMILY = "1,2";
				TEST_HOST = "$(BUILT_PRODUCTS_DIR)/betrating.app/betrating";
			};
			name = Debug;
		};
		AA27A54D201908BE008157EA /* Release */ = {
			isa = XCBuildConfiguration;
			buildSettings = {
				BUNDLE_LOADER = "$(TEST_HOST)";
				CODE_SIGN_STYLE = Automatic;
				DEVELOPMENT_TEAM = TXYT8RH44K;
				INFOPLIST_FILE = betratingTests/Info.plist;
				LD_RUNPATH_SEARCH_PATHS = "$(inherited) @executable_path/Frameworks @loader_path/Frameworks";
				PRODUCT_BUNDLE_IDENTIFIER = "com.borisov-juriy.asdkTest.betratingTests";
				PRODUCT_NAME = "$(TARGET_NAME)";
				SWIFT_VERSION = 4.0;
				TARGETED_DEVICE_FAMILY = "1,2";
				TEST_HOST = "$(BUILT_PRODUCTS_DIR)/betrating.app/betrating";
			};
			name = Release;
		};
		AAD4766E2008C73F00557679 /* Debug */ = {
			isa = XCBuildConfiguration;
			buildSettings = {
				ALWAYS_SEARCH_USER_PATHS = NO;
				CLANG_ANALYZER_NONNULL = YES;
				CLANG_ANALYZER_NUMBER_OBJECT_CONVERSION = YES_AGGRESSIVE;
				CLANG_CXX_LANGUAGE_STANDARD = "gnu++14";
				CLANG_CXX_LIBRARY = "libc++";
				CLANG_ENABLE_MODULES = YES;
				CLANG_ENABLE_OBJC_ARC = YES;
				CLANG_WARN_BLOCK_CAPTURE_AUTORELEASING = YES;
				CLANG_WARN_BOOL_CONVERSION = YES;
				CLANG_WARN_COMMA = YES;
				CLANG_WARN_CONSTANT_CONVERSION = YES;
				CLANG_WARN_DIRECT_OBJC_ISA_USAGE = YES_ERROR;
				CLANG_WARN_DOCUMENTATION_COMMENTS = YES;
				CLANG_WARN_EMPTY_BODY = YES;
				CLANG_WARN_ENUM_CONVERSION = YES;
				CLANG_WARN_INFINITE_RECURSION = YES;
				CLANG_WARN_INT_CONVERSION = YES;
				CLANG_WARN_NON_LITERAL_NULL_CONVERSION = YES;
				CLANG_WARN_OBJC_LITERAL_CONVERSION = YES;
				CLANG_WARN_OBJC_ROOT_CLASS = YES_ERROR;
				CLANG_WARN_RANGE_LOOP_ANALYSIS = YES;
				CLANG_WARN_STRICT_PROTOTYPES = YES;
				CLANG_WARN_SUSPICIOUS_MOVE = YES;
				CLANG_WARN_UNGUARDED_AVAILABILITY = YES_AGGRESSIVE;
				CLANG_WARN_UNREACHABLE_CODE = YES;
				CLANG_WARN__DUPLICATE_METHOD_MATCH = YES;
				CODE_SIGN_IDENTITY = "iPhone Developer";
				COPY_PHASE_STRIP = NO;
				DEBUG_INFORMATION_FORMAT = dwarf;
				ENABLE_STRICT_OBJC_MSGSEND = YES;
				ENABLE_TESTABILITY = YES;
				GCC_C_LANGUAGE_STANDARD = gnu11;
				GCC_DYNAMIC_NO_PIC = NO;
				GCC_NO_COMMON_BLOCKS = YES;
				GCC_OPTIMIZATION_LEVEL = 0;
				GCC_PREPROCESSOR_DEFINITIONS = (
					"DEBUG=1",
					"$(inherited)",
				);
				GCC_WARN_64_TO_32_BIT_CONVERSION = YES;
				GCC_WARN_ABOUT_RETURN_TYPE = YES_ERROR;
				GCC_WARN_UNDECLARED_SELECTOR = YES;
				GCC_WARN_UNINITIALIZED_AUTOS = YES_AGGRESSIVE;
				GCC_WARN_UNUSED_FUNCTION = YES;
				GCC_WARN_UNUSED_VARIABLE = YES;
				IPHONEOS_DEPLOYMENT_TARGET = 11.2;
				MTL_ENABLE_DEBUG_INFO = YES;
				ONLY_ACTIVE_ARCH = YES;
				SDKROOT = iphoneos;
				SWIFT_ACTIVE_COMPILATION_CONDITIONS = DEBUG;
				SWIFT_OPTIMIZATION_LEVEL = "-Onone";
			};
			name = Debug;
		};
		AAD4766F2008C73F00557679 /* Release */ = {
			isa = XCBuildConfiguration;
			buildSettings = {
				ALWAYS_SEARCH_USER_PATHS = NO;
				CLANG_ANALYZER_NONNULL = YES;
				CLANG_ANALYZER_NUMBER_OBJECT_CONVERSION = YES_AGGRESSIVE;
				CLANG_CXX_LANGUAGE_STANDARD = "gnu++14";
				CLANG_CXX_LIBRARY = "libc++";
				CLANG_ENABLE_MODULES = YES;
				CLANG_ENABLE_OBJC_ARC = YES;
				CLANG_WARN_BLOCK_CAPTURE_AUTORELEASING = YES;
				CLANG_WARN_BOOL_CONVERSION = YES;
				CLANG_WARN_COMMA = YES;
				CLANG_WARN_CONSTANT_CONVERSION = YES;
				CLANG_WARN_DIRECT_OBJC_ISA_USAGE = YES_ERROR;
				CLANG_WARN_DOCUMENTATION_COMMENTS = YES;
				CLANG_WARN_EMPTY_BODY = YES;
				CLANG_WARN_ENUM_CONVERSION = YES;
				CLANG_WARN_INFINITE_RECURSION = YES;
				CLANG_WARN_INT_CONVERSION = YES;
				CLANG_WARN_NON_LITERAL_NULL_CONVERSION = YES;
				CLANG_WARN_OBJC_LITERAL_CONVERSION = YES;
				CLANG_WARN_OBJC_ROOT_CLASS = YES_ERROR;
				CLANG_WARN_RANGE_LOOP_ANALYSIS = YES;
				CLANG_WARN_STRICT_PROTOTYPES = YES;
				CLANG_WARN_SUSPICIOUS_MOVE = YES;
				CLANG_WARN_UNGUARDED_AVAILABILITY = YES_AGGRESSIVE;
				CLANG_WARN_UNREACHABLE_CODE = YES;
				CLANG_WARN__DUPLICATE_METHOD_MATCH = YES;
				CODE_SIGN_IDENTITY = "iPhone Developer";
				COPY_PHASE_STRIP = NO;
				DEBUG_INFORMATION_FORMAT = "dwarf-with-dsym";
				ENABLE_NS_ASSERTIONS = NO;
				ENABLE_STRICT_OBJC_MSGSEND = YES;
				GCC_C_LANGUAGE_STANDARD = gnu11;
				GCC_NO_COMMON_BLOCKS = YES;
				GCC_WARN_64_TO_32_BIT_CONVERSION = YES;
				GCC_WARN_ABOUT_RETURN_TYPE = YES_ERROR;
				GCC_WARN_UNDECLARED_SELECTOR = YES;
				GCC_WARN_UNINITIALIZED_AUTOS = YES_AGGRESSIVE;
				GCC_WARN_UNUSED_FUNCTION = YES;
				GCC_WARN_UNUSED_VARIABLE = YES;
				IPHONEOS_DEPLOYMENT_TARGET = 11.2;
				MTL_ENABLE_DEBUG_INFO = NO;
				SDKROOT = iphoneos;
				SWIFT_OPTIMIZATION_LEVEL = "-Owholemodule";
				VALIDATE_PRODUCT = YES;
			};
			name = Release;
		};
		AAD476712008C73F00557679 /* Debug */ = {
			isa = XCBuildConfiguration;
			baseConfigurationReference = D427CE71218887106A7B8FAF /* Pods-betrating.debug.xcconfig */;
			buildSettings = {
				ASSETCATALOG_COMPILER_APPICON_NAME = AppIcon;
				ASSETCATALOG_COMPILER_LAUNCHIMAGE_NAME = LaunchImage;
				CODE_SIGN_IDENTITY = "iPhone Developer: Umid Rajabov (U64H4NUW8P)";
				"CODE_SIGN_IDENTITY[sdk=iphoneos*]" = "iPhone Developer";
				CODE_SIGN_STYLE = Automatic;
				DEVELOPMENT_TEAM = TXYT8RH44K;
				INFOPLIST_FILE = betrating/Info.plist;
				IPHONEOS_DEPLOYMENT_TARGET = 9.0;
				LD_RUNPATH_SEARCH_PATHS = "$(inherited) @executable_path/Frameworks";
				PRODUCT_BUNDLE_IDENTIFIER = com.betrating.iosapp;
				PRODUCT_NAME = "$(TARGET_NAME)";
				PROVISIONING_PROFILE = "";
				PROVISIONING_PROFILE_SPECIFIER = "";
				SWIFT_VERSION = 4.0;
				TARGETED_DEVICE_FAMILY = 1;
			};
			name = Debug;
		};
		AAD476722008C73F00557679 /* Release */ = {
			isa = XCBuildConfiguration;
			baseConfigurationReference = 8F633DF44318B77CB74D68B9 /* Pods-betrating.release.xcconfig */;
			buildSettings = {
				ASSETCATALOG_COMPILER_APPICON_NAME = AppIcon;
				ASSETCATALOG_COMPILER_LAUNCHIMAGE_NAME = LaunchImage;
				CODE_SIGN_IDENTITY = "iPhone Developer: Umid Rajabov (U64H4NUW8P)";
				"CODE_SIGN_IDENTITY[sdk=iphoneos*]" = "iPhone Developer";
				CODE_SIGN_STYLE = Automatic;
				DEVELOPMENT_TEAM = TXYT8RH44K;
				INFOPLIST_FILE = betrating/Info.plist;
				IPHONEOS_DEPLOYMENT_TARGET = 9.0;
				LD_RUNPATH_SEARCH_PATHS = "$(inherited) @executable_path/Frameworks";
				PRODUCT_BUNDLE_IDENTIFIER = com.betrating.iosapp;
				PRODUCT_NAME = "$(TARGET_NAME)";
				PROVISIONING_PROFILE = "";
				PROVISIONING_PROFILE_SPECIFIER = "";
				SWIFT_VERSION = 4.0;
				TARGETED_DEVICE_FAMILY = 1;
			};
			name = Release;
		};
/* End XCBuildConfiguration section */

/* Begin XCConfigurationList section */
		AA27A54E201908BE008157EA /* Build configuration list for PBXNativeTarget "betratingTests" */ = {
			isa = XCConfigurationList;
			buildConfigurations = (
				AA27A54C201908BE008157EA /* Debug */,
				AA27A54D201908BE008157EA /* Release */,
			);
			defaultConfigurationIsVisible = 0;
			defaultConfigurationName = Release;
		};
		AAD476592008C73F00557679 /* Build configuration list for PBXProject "betrating" */ = {
			isa = XCConfigurationList;
			buildConfigurations = (
				AAD4766E2008C73F00557679 /* Debug */,
				AAD4766F2008C73F00557679 /* Release */,
			);
			defaultConfigurationIsVisible = 0;
			defaultConfigurationName = Release;
		};
		AAD476702008C73F00557679 /* Build configuration list for PBXNativeTarget "betrating" */ = {
			isa = XCConfigurationList;
			buildConfigurations = (
				AAD476712008C73F00557679 /* Debug */,
				AAD476722008C73F00557679 /* Release */,
			);
			defaultConfigurationIsVisible = 0;
			defaultConfigurationName = Release;
		};
/* End XCConfigurationList section */
	};
	rootObject = AAD476562008C73F00557679 /* Project object */;
}
